
Microsoft Visual Studio Solution File, Format Version 12.00
# Visual Studio Version 16
VisualStudioVersion = 16.0.29009.5
MinimumVisualStudioVersion = 10.0.40219.1
Project("{2150E333-8FDC-42A3-9474-1A3956D46DE8}") = "01. Client", "01. Client", "{10E51095-A9A3-4E7F-A187-54F293D6243E}"
EndProject
Project("{2150E333-8FDC-42A3-9474-1A3956D46DE8}") = "02. Models", "02. Models", "{5C422C38-12FB-4093-8F50-EC0ED5F836D2}"
EndProject
Project("{9A19103F-16F7-4668-BE54-9A1E7A4F7556}") = "ConsoleClient", "src\ConsoleClient\ConsoleClient.csproj", "{E9CB2CF9-34D3-4561-A0DD-64111933791C}"
EndProject
Project("{9A19103F-16F7-4668-BE54-9A1E7A4F7556}") = "Models", "src\Models\Models.csproj", "{8763BC33-B99E-4FAE-898C-9746CAF05483}"
EndProject
Project("{2150E333-8FDC-42A3-9474-1A3956D46DE8}") = "03. Service", "03. Service", "{51DA9F11-8FE7-4DF6-8962-CB7EC8D911E0}"
EndProject
Project("{9A19103F-16F7-4668-BE54-9A1E7A4F7556}") = "Service", "src\Service\Service.csproj", "{E9988BC4-5B9E-4DDC-8F26-C4CB755D5919}"
EndProject
Project("{2150E333-8FDC-42A3-9474-1A3956D46DE8}") = "06. common", "06. common", "{0F651026-EEFD-45C1-80A1-CFA0868F54FE}"
EndProject
Project("{9A19103F-16F7-4668-BE54-9A1E7A4F7556}") = "Common", "src\Common\Common.csproj", "{43A0DBF8-2F41-4415-8A06-18E628022A25}"
EndProject
Project("{2150E333-8FDC-42A3-9474-1A3956D46DE8}") = "04. UnitOfWork", "04. UnitOfWork", "{A9733458-E407-43EC-AECB-B3A1D5BF020D}"
EndProject
Project("{2150E333-8FDC-42A3-9474-1A3956D46DE8}") = "05. Repository", "05. Repository", "{F7B729B6-2A8C-4BE5-AC27-AE0CB5355E44}"
EndProject
Project("{FAE04EC0-301F-11D3-BF4B-00C04F79EFBC}") = "UnitOfWork.Interface", "src\UnitOfWork.Interface\UnitOfWork.Interface.csproj", "{AF4122A5-CE73-4BDD-9E6D-6D193B82F719}"
EndProject
Project("{FAE04EC0-301F-11D3-BF4B-00C04F79EFBC}") = "UnitOfWork.SqlServer", "src\UnitOfWork.SqlServer\UnitOfWork.SqlServer.csproj", "{AA4D7012-7E37-4A88-A9F5-649A12C25D68}"
EndProject
Project("{FAE04EC0-301F-11D3-BF4B-00C04F79EFBC}") = "Repository.Interfaces", "src\Repository.Interfaces\Repository.Interfaces.csproj", "{330F5FB0-7496-482B-ACC4-E873E76F3586}"
EndProject
Project("{FAE04EC0-301F-11D3-BF4B-00C04F79EFBC}") = "Repository.SqlServer", "src\Repository.SqlServer\Repository.SqlServer.csproj", "{84003538-7393-4DD1-B011-F0A3190FBC55}"
EndProject
Global
	GlobalSection(SolutionConfigurationPlatforms) = preSolution
		Debug|Any CPU = Debug|Any CPU
		Release|Any CPU = Release|Any CPU
	EndGlobalSection
	GlobalSection(ProjectConfigurationPlatforms) = postSolution
		{E9CB2CF9-34D3-4561-A0DD-64111933791C}.Debug|Any CPU.ActiveCfg = Debug|Any CPU
		{E9CB2CF9-34D3-4561-A0DD-64111933791C}.Debug|Any CPU.Build.0 = Debug|Any CPU
		{E9CB2CF9-34D3-4561-A0DD-64111933791C}.Release|Any CPU.ActiveCfg = Release|Any CPU
		{E9CB2CF9-34D3-4561-A0DD-64111933791C}.Release|Any CPU.Build.0 = Release|Any CPU
		{8763BC33-B99E-4FAE-898C-9746CAF05483}.Debug|Any CPU.ActiveCfg = Debug|Any CPU
		{8763BC33-B99E-4FAE-898C-9746CAF05483}.Debug|Any CPU.Build.0 = Debug|Any CPU
		{8763BC33-B99E-4FAE-898C-9746CAF05483}.Release|Any CPU.ActiveCfg = Release|Any CPU
		{8763BC33-B99E-4FAE-898C-9746CAF05483}.Release|Any CPU.Build.0 = Release|Any CPU
		{E9988BC4-5B9E-4DDC-8F26-C4CB755D5919}.Debug|Any CPU.ActiveCfg = Debug|Any CPU
		{E9988BC4-5B9E-4DDC-8F26-C4CB755D5919}.Debug|Any CPU.Build.0 = Debug|Any CPU
		{E9988BC4-5B9E-4DDC-8F26-C4CB755D5919}.Release|Any CPU.ActiveCfg = Release|Any CPU
		{E9988BC4-5B9E-4DDC-8F26-C4CB755D5919}.Release|Any CPU.Build.0 = Release|Any CPU
		{43A0DBF8-2F41-4415-8A06-18E628022A25}.Debug|Any CPU.ActiveCfg = Debug|Any CPU
		{43A0DBF8-2F41-4415-8A06-18E628022A25}.Debug|Any CPU.Build.0 = Debug|Any CPU
		{43A0DBF8-2F41-4415-8A06-18E628022A25}.Release|Any CPU.ActiveCfg = Release|Any CPU
		{43A0DBF8-2F41-4415-8A06-18E628022A25}.Release|Any CPU.Build.0 = Release|Any CPU
		{AF4122A5-CE73-4BDD-9E6D-6D193B82F719}.Debug|Any CPU.ActiveCfg = Debug|Any CPU
		{AF4122A5-CE73-4BDD-9E6D-6D193B82F719}.Debug|Any CPU.Build.0 = Debug|Any CPU
		{AF4122A5-CE73-4BDD-9E6D-6D193B82F719}.Release|Any CPU.ActiveCfg = Release|Any CPU
		{AF4122A5-CE73-4BDD-9E6D-6D193B82F719}.Release|Any CPU.Build.0 = Release|Any CPU
		{AA4D7012-7E37-4A88-A9F5-649A12C25D68}.Debug|Any CPU.ActiveCfg = Debug|Any CPU
		{AA4D7012-7E37-4A88-A9F5-649A12C25D68}.Debug|Any CPU.Build.0 = Debug|Any CPU
		{AA4D7012-7E37-4A88-A9F5-649A12C25D68}.Release|Any CPU.ActiveCfg = Release|Any CPU
		{AA4D7012-7E37-4A88-A9F5-649A12C25D68}.Release|Any CPU.Build.0 = Release|Any CPU
		{330F5FB0-7496-482B-ACC4-E873E76F3586}.Debug|Any CPU.ActiveCfg = Debug|Any CPU
		{330F5FB0-7496-482B-ACC4-E873E76F3586}.Debug|Any CPU.Build.0 = Debug|Any CPU
		{330F5FB0-7496-482B-ACC4-E873E76F3586}.Release|Any CPU.ActiveCfg = Release|Any CPU
		{330F5FB0-7496-482B-ACC4-E873E76F3586}.Release|Any CPU.Build.0 = Release|Any CPU
		{84003538-7393-4DD1-B011-F0A3190FBC55}.Debug|Any CPU.ActiveCfg = Debug|Any CPU
		{84003538-7393-4DD1-B011-F0A3190FBC55}.Debug|Any CPU.Build.0 = Debug|Any CPU
		{84003538-7393-4DD1-B011-F0A3190FBC55}.Release|Any CPU.ActiveCfg = Release|Any CPU
		{84003538-7393-4DD1-B011-F0A3190FBC55}.Release|Any CPU.Build.0 = Release|Any CPU
	EndGlobalSection
	GlobalSection(SolutionProperties) = preSolution
		HideSolutionNode = FALSE
	EndGlobalSection
	GlobalSection(NestedProjects) = preSolution
		{E9CB2CF9-34D3-4561-A0DD-64111933791C} = {10E51095-A9A3-4E7F-A187-54F293D6243E}
		{8763BC33-B99E-4FAE-898C-9746CAF05483} = {5C422C38-12FB-4093-8F50-EC0ED5F836D2}
		{E9988BC4-5B9E-4DDC-8F26-C4CB755D5919} = {51DA9F11-8FE7-4DF6-8962-CB7EC8D911E0}
		{43A0DBF8-2F41-4415-8A06-18E628022A25} = {0F651026-EEFD-45C1-80A1-CFA0868F54FE}
		{AF4122A5-CE73-4BDD-9E6D-6D193B82F719} = {A9733458-E407-43EC-AECB-B3A1D5BF020D}
		{AA4D7012-7E37-4A88-A9F5-649A12C25D68} = {A9733458-E407-43EC-AECB-B3A1D5BF020D}
		{330F5FB0-7496-482B-ACC4-E873E76F3586} = {F7B729B6-2A8C-4BE5-AC27-AE0CB5355E44}
		{84003538-7393-4DD1-B011-F0A3190FBC55} = {F7B729B6-2A8C-4BE5-AC27-AE0CB5355E44}
	EndGlobalSection
	GlobalSection(ExtensibilityGlobals) = postSolution
		SolutionGuid = {EB6E5A41-42A0-4A77-92E4-08D80D1D1CD0}
	EndGlobalSection
EndGlobal
